<?xml version="1.0" encoding="UTF-8" standalone="yes" ?>
<CodeBlocks_project_file>
	<FileVersion major="1" minor="6" />
	<Project>
		<Option title="EmploiDuTemps" />
		<Option pch_mode="2" />
		<Option compiler="gcc" />
		<Build>
			<Target title="default">
				<Option output="EmploiDuTemps" prefix_auto="1" extension_auto="1" />
				<Option type="1" />
				<Option compiler="gcc" />
				<Compiler>
					<Add directory="lib" />
				</Compiler>
			</Target>
		</Build>
		<Unit filename="cpp/afficheurConsole.cpp" />
		<Unit filename="cpp/cours.cpp" />
		<Unit filename="cpp/formation.cpp" />
		<Unit filename="cpp/horaire.cpp" />
		<Unit filename="cpp/listeCours.cpp" />
		<Unit filename="cpp/listeDHoraire.cpp" />
		<Unit filename="cpp/listeRessources.cpp" />
		<Unit filename="cpp/main.cpp" />
		<Unit filename="cpp/professeur.cpp" />
		<Unit filename="cpp/ressource.cpp" />
		<Unit filename="cpp/salle.cpp" />
		<Unit filename="lib/afficheurConsole.h" />
		<Unit filename="lib/cours.h" />
		<Unit filename="lib/formation.h" />
		<Unit filename="lib/horaire.h" />
		<Unit filename="lib/listeCours.h" />
		<Unit filename="lib/listeDHoraire.h" />
		<Unit filename="lib/listeRessources.h" />
		<Unit filename="lib/professeur.h" />
		<Unit filename="lib/ressource.h" />
		<Unit filename="lib/salle.h" />
		<Extensions>
			<code_completion />
			<envvars />
			<debugger />
			<DoxyBlocks>
				<comment_style block="0" line="0" />
				<doxyfile_project output_language="French" />
				<doxyfile_build />
				<doxyfile_warnings />
				<doxyfile_output />
				<doxyfile_dot class_diagrams="1" have_dot="1" />
				<general use_at_in_tags="1" />
			</DoxyBlocks>
		</Extensions>
	</Project>
</CodeBlocks_project_file>
