<?xml version="1.0" encoding="UTF-8" standalone="yes" ?>
<CodeBlocks_project_file>
	<FileVersion major="1" minor="6" />
	<Project>
		<Option title="TestEmploiDuTemps" />
		<Option pch_mode="2" />
		<Option compiler="gcc" />
		<Build>
			<Target title="default">
				<Option output="TestEmploiDuTemps" prefix_auto="1" extension_auto="1" />
				<Option type="1" />
				<Option compiler="gcc" />
			</Target>
		</Build>
		<Unit filename="Donnees/data.txt" />
		<Unit filename="cpp/afficheurConsole.cpp" />
		<Unit filename="cpp/cours.cpp" />
		<Unit filename="cpp/formation.cpp" />
		<Unit filename="cpp/horaire.cpp" />
		<Unit filename="cpp/listeCours.cpp" />
		<Unit filename="cpp/listeDHoraire.cpp" />
		<Unit filename="cpp/listeRessources.cpp" />
		<Unit filename="cpp/professeur.cpp" />
		<Unit filename="cpp/ressource.cpp" />
		<Unit filename="cpp/salle.cpp" />
		<Unit filename="lib/afficheurConsole.h" />
		<Unit filename="lib/catch.hpp" />
		<Unit filename="lib/cours.h" />
		<Unit filename="lib/formation.h" />
		<Unit filename="lib/horaire.h" />
		<Unit filename="lib/listeCours.h" />
		<Unit filename="lib/listeDHoraire.h" />
		<Unit filename="lib/listeRessources.h" />
		<Unit filename="lib/professeur.h" />
		<Unit filename="lib/ressource.h" />
		<Unit filename="lib/salle.h" />
		<Unit filename="test/TestHoraire.cpp" />
		<Unit filename="test/TestMain.cpp" />
		<Extensions>
			<code_completion />
			<envvars />
			<debugger />
		</Extensions>
	</Project>
</CodeBlocks_project_file>
